
Microsoft Visual Studio Solution File, Format Version 12.00
# Visual Studio 15
VisualStudioVersion = 15.0.28307.902
MinimumVisualStudioVersion = 10.0.40219.1
Project("{FAE04EC0-301F-11D3-BF4B-00C04F79EFBC}") = "OpenCvAutomator", "OpenCvAutomator\OpenCvAutomator.csproj", "{316E382C-FDE4-412F-8945-E56C7F6FC8BC}"
EndProject
Global
	GlobalSection(SolutionConfigurationPlatforms) = preSolution
		Debug|Any CPU = Debug|Any CPU
		Release|Any CPU = Release|Any CPU
	EndGlobalSection
	GlobalSection(ProjectConfigurationPlatforms) = postSolution
		{316E382C-FDE4-412F-8945-E56C7F6FC8BC}.Debug|Any CPU.ActiveCfg = Debug|Any CPU
		{316E382C-FDE4-412F-8945-E56C7F6FC8BC}.Debug|Any CPU.Build.0 = Debug|Any CPU
		{316E382C-FDE4-412F-8945-E56C7F6FC8BC}.Release|Any CPU.ActiveCfg = Release|Any CPU
		{316E382C-FDE4-412F-8945-E56C7F6FC8BC}.Release|Any CPU.Build.0 = Release|Any CPU
	EndGlobalSection
	GlobalSection(SolutionProperties) = preSolution
		HideSolutionNode = FALSE
	EndGlobalSection
	GlobalSection(ExtensibilityGlobals) = postSolution
		SolutionGuid = {40663C70-F5D4-4BB5-9A94-980EC810BC64}
	EndGlobalSection
EndGlobal
